// !$*UTF8*$!
{
	archiveVersion = 1;
	classes = {
	};
	objectVersion = 46;
	objects = {

/* Begin PBXBuildFile section */
		9235AB2F1D6558C500D33EE1 /* AppDelegate.swift in Sources */ = {isa = PBXBuildFile; fileRef = 9235AB2E1D6558C500D33EE1 /* AppDelegate.swift */; };
		9235AB311D6558C500D33EE1 /* ViewController.swift in Sources */ = {isa = PBXBuildFile; fileRef = 9235AB301D6558C500D33EE1 /* ViewController.swift */; };
		9235AB341D6558C500D33EE1 /* Main.storyboard in Resources */ = {isa = PBXBuildFile; fileRef = 9235AB321D6558C500D33EE1 /* Main.storyboard */; };
		9235AB361D6558C500D33EE1 /* Assets.xcassets in Resources */ = {isa = PBXBuildFile; fileRef = 9235AB351D6558C500D33EE1 /* Assets.xcassets */; };
		9235AB391D6558C500D33EE1 /* LaunchScreen.storyboard in Resources */ = {isa = PBXBuildFile; fileRef = 9235AB371D6558C500D33EE1 /* LaunchScreen.storyboard */; };
		9235AB441D6558C500D33EE1 /* YCUIKitTests.swift in Sources */ = {isa = PBXBuildFile; fileRef = 9235AB431D6558C500D33EE1 /* YCUIKitTests.swift */; };
		9235AB4F1D6558C500D33EE1 /* YCUIKitUITests.swift in Sources */ = {isa = PBXBuildFile; fileRef = 9235AB4E1D6558C500D33EE1 /* YCUIKitUITests.swift */; };
		9235AB5E1D65597800D33EE1 /* YCButton.swift in Sources */ = {isa = PBXBuildFile; fileRef = 9235AB5D1D65597800D33EE1 /* YCButton.swift */; };
		92DBD43C1D66A30700E36291 /* XCView-UIViewEx.swift in Sources */ = {isa = PBXBuildFile; fileRef = 92DBD43B1D66A30700E36291 /* XCView-UIViewEx.swift */; };
		92E39F831D659EF0007C5369 /* XCScrollView.swift in Sources */ = {isa = PBXBuildFile; fileRef = 92E39F821D659EF0007C5369 /* XCScrollView.swift */; };
		92E39F851D65A1F9007C5369 /* XCScreen.swift in Sources */ = {isa = PBXBuildFile; fileRef = 92E39F841D65A1F9007C5369 /* XCScreen.swift */; };
/* End PBXBuildFile section */

/* Begin PBXContainerItemProxy section */
		9235AB401D6558C500D33EE1 /* PBXContainerItemProxy */ = {
			isa = PBXContainerItemProxy;
			containerPortal = 9235AB231D6558C500D33EE1 /* Project object */;
			proxyType = 1;
			remoteGlobalIDString = 9235AB2A1D6558C500D33EE1;
			remoteInfo = YCUIKit;
		};
		9235AB4B1D6558C500D33EE1 /* PBXContainerItemProxy */ = {
			isa = PBXContainerItemProxy;
			containerPortal = 9235AB231D6558C500D33EE1 /* Project object */;
			proxyType = 1;
			remoteGlobalIDString = 9235AB2A1D6558C500D33EE1;
			remoteInfo = YCUIKit;
		};
/* End PBXContainerItemProxy section */

/* Begin PBXFileReference section */
		9235AB2B1D6558C500D33EE1 /* YCUIKit.app */ = {isa = PBXFileReference; explicitFileType = wrapper.application; includeInIndex = 0; path = YCUIKit.app; sourceTree = BUILT_PRODUCTS_DIR; };
		9235AB2E1D6558C500D33EE1 /* AppDelegate.swift */ = {isa = PBXFileReference; lastKnownFileType = sourcecode.swift; path = AppDelegate.swift; sourceTree = "<group>"; };
		9235AB301D6558C500D33EE1 /* ViewController.swift */ = {isa = PBXFileReference; lastKnownFileType = sourcecode.swift; path = ViewController.swift; sourceTree = "<group>"; };
		9235AB331D6558C500D33EE1 /* Base */ = {isa = PBXFileReference; lastKnownFileType = file.storyboard; name = Base; path = Base.lproj/Main.storyboard; sourceTree = "<group>"; };
		9235AB351D6558C500D33EE1 /* Assets.xcassets */ = {isa = PBXFileReference; lastKnownFileType = folder.assetcatalog; path = Assets.xcassets; sourceTree = "<group>"; };
		9235AB381D6558C500D33EE1 /* Base */ = {isa = PBXFileReference; lastKnownFileType = file.storyboard; name = Base; path = Base.lproj/LaunchScreen.storyboard; sourceTree = "<group>"; };
		9235AB3A1D6558C500D33EE1 /* Info.plist */ = {isa = PBXFileReference; lastKnownFileType = text.plist.xml; path = Info.plist; sourceTree = "<group>"; };
		9235AB3F1D6558C500D33EE1 /* YCUIKitTests.xctest */ = {isa = PBXFileReference; explicitFileType = wrapper.cfbundle; includeInIndex = 0; path = YCUIKitTests.xctest; sourceTree = BUILT_PRODUCTS_DIR; };
		9235AB431D6558C500D33EE1 /* YCUIKitTests.swift */ = {isa = PBXFileReference; lastKnownFileType = sourcecode.swift; path = YCUIKitTests.swift; sourceTree = "<group>"; };
		9235AB451D6558C500D33EE1 /* Info.plist */ = {isa = PBXFileReference; lastKnownFileType = text.plist.xml; path = Info.plist; sourceTree = "<group>"; };
		9235AB4A1D6558C500D33EE1 /* YCUIKitUITests.xctest */ = {isa = PBXFileReference; explicitFileType = wrapper.cfbundle; includeInIndex = 0; path = YCUIKitUITests.xctest; sourceTree = BUILT_PRODUCTS_DIR; };
		9235AB4E1D6558C500D33EE1 /* YCUIKitUITests.swift */ = {isa = PBXFileReference; lastKnownFileType = sourcecode.swift; path = YCUIKitUITests.swift; sourceTree = "<group>"; };
		9235AB501D6558C500D33EE1 /* Info.plist */ = {isa = PBXFileReference; lastKnownFileType = text.plist.xml; path = Info.plist; sourceTree = "<group>"; };
		9235AB5D1D65597800D33EE1 /* YCButton.swift */ = {isa = PBXFileReference; fileEncoding = 4; lastKnownFileType = sourcecode.swift; path = YCButton.swift; sourceTree = "<group>"; };
		92DBD43B1D66A30700E36291 /* XCView-UIViewEx.swift */ = {isa = PBXFileReference; fileEncoding = 4; lastKnownFileType = sourcecode.swift; path = "XCView-UIViewEx.swift"; sourceTree = "<group>"; };
		92E39F821D659EF0007C5369 /* XCScrollView.swift */ = {isa = PBXFileReference; fileEncoding = 4; lastKnownFileType = sourcecode.swift; path = XCScrollView.swift; sourceTree = "<group>"; };
		92E39F841D65A1F9007C5369 /* XCScreen.swift */ = {isa = PBXFileReference; fileEncoding = 4; lastKnownFileType = sourcecode.swift; path = XCScreen.swift; sourceTree = "<group>"; };
/* End PBXFileReference section */

/* Begin PBXFrameworksBuildPhase section */
		9235AB281D6558C500D33EE1 /* Frameworks */ = {
			isa = PBXFrameworksBuildPhase;
			buildActionMask = 2147483647;
			files = (
			);
			runOnlyForDeploymentPostprocessing = 0;
		};
		9235AB3C1D6558C500D33EE1 /* Frameworks */ = {
			isa = PBXFrameworksBuildPhase;
			buildActionMask = 2147483647;
			files = (
			);
			runOnlyForDeploymentPostprocessing = 0;
		};
		9235AB471D6558C500D33EE1 /* Frameworks */ = {
			isa = PBXFrameworksBuildPhase;
			buildActionMask = 2147483647;
			files = (
			);
			runOnlyForDeploymentPostprocessing = 0;
		};
/* End PBXFrameworksBuildPhase section */

/* Begin PBXGroup section */
		9235AB221D6558C500D33EE1 = {
			isa = PBXGroup;
			children = (
				9235AB2D1D6558C500D33EE1 /* YCUIKit */,
				9235AB421D6558C500D33EE1 /* YCUIKitTests */,
				9235AB4D1D6558C500D33EE1 /* YCUIKitUITests */,
				9235AB2C1D6558C500D33EE1 /* Products */,
			);
			sourceTree = "<group>";
		};
		9235AB2C1D6558C500D33EE1 /* Products */ = {
			isa = PBXGroup;
			children = (
				9235AB2B1D6558C500D33EE1 /* YCUIKit.app */,
				9235AB3F1D6558C500D33EE1 /* YCUIKitTests.xctest */,
				9235AB4A1D6558C500D33EE1 /* YCUIKitUITests.xctest */,
			);
			name = Products;
			sourceTree = "<group>";
		};
		9235AB2D1D6558C500D33EE1 /* YCUIKit */ = {
			isa = PBXGroup;
			children = (
				9235AB5C1D65595700D33EE1 /* YCUIKit */,
				9235AB2E1D6558C500D33EE1 /* AppDelegate.swift */,
				9235AB301D6558C500D33EE1 /* ViewController.swift */,
				9235AB321D6558C500D33EE1 /* Main.storyboard */,
				9235AB351D6558C500D33EE1 /* Assets.xcassets */,
				9235AB371D6558C500D33EE1 /* LaunchScreen.storyboard */,
				9235AB3A1D6558C500D33EE1 /* Info.plist */,
			);
			path = YCUIKit;
			sourceTree = "<group>";
		};
		9235AB421D6558C500D33EE1 /* YCUIKitTests */ = {
			isa = PBXGroup;
			children = (
				9235AB431D6558C500D33EE1 /* YCUIKitTests.swift */,
				9235AB451D6558C500D33EE1 /* Info.plist */,
			);
			path = YCUIKitTests;
			sourceTree = "<group>";
		};
		9235AB4D1D6558C500D33EE1 /* YCUIKitUITests */ = {
			isa = PBXGroup;
			children = (
				9235AB4E1D6558C500D33EE1 /* YCUIKitUITests.swift */,
				9235AB501D6558C500D33EE1 /* Info.plist */,
			);
			path = YCUIKitUITests;
			sourceTree = "<group>";
		};
		9235AB5C1D65595700D33EE1 /* YCUIKit */ = {
			isa = PBXGroup;
			children = (
				92E39F841D65A1F9007C5369 /* XCScreen.swift */,
				92DBD43B1D66A30700E36291 /* XCView-UIViewEx.swift */,
				9235AB5D1D65597800D33EE1 /* YCButton.swift */,
				92E39F821D659EF0007C5369 /* XCScrollView.swift */,
			);
			path = YCUIKit;
			sourceTree = "<group>";
		};
/* End PBXGroup section */

/* Begin PBXNativeTarget section */
		9235AB2A1D6558C500D33EE1 /* YCUIKit */ = {
			isa = PBXNativeTarget;
			buildConfigurationList = 9235AB531D6558C500D33EE1 /* Build configuration list for PBXNativeTarget "YCUIKit" */;
			buildPhases = (
				9235AB271D6558C500D33EE1 /* Sources */,
				9235AB281D6558C500D33EE1 /* Frameworks */,
				9235AB291D6558C500D33EE1 /* Resources */,
			);
			buildRules = (
			);
			dependencies = (
			);
			name = YCUIKit;
			productName = YCUIKit;
			productReference = 9235AB2B1D6558C500D33EE1 /* YCUIKit.app */;
			productType = "com.apple.product-type.application";
		};
		9235AB3E1D6558C500D33EE1 /* YCUIKitTests */ = {
			isa = PBXNativeTarget;
			buildConfigurationList = 9235AB561D6558C500D33EE1 /* Build configuration list for PBXNativeTarget "YCUIKitTests" */;
			buildPhases = (
				9235AB3B1D6558C500D33EE1 /* Sources */,
				9235AB3C1D6558C500D33EE1 /* Frameworks */,
				9235AB3D1D6558C500D33EE1 /* Resources */,
			);
			buildRules = (
			);
			dependencies = (
				9235AB411D6558C500D33EE1 /* PBXTargetDependency */,
			);
			name = YCUIKitTests;
			productName = YCUIKitTests;
			productReference = 9235AB3F1D6558C500D33EE1 /* YCUIKitTests.xctest */;
			productType = "com.apple.product-type.bundle.unit-test";
		};
		9235AB491D6558C500D33EE1 /* YCUIKitUITests */ = {
			isa = PBXNativeTarget;
			buildConfigurationList = 9235AB591D6558C500D33EE1 /* Build configuration list for PBXNativeTarget "YCUIKitUITests" */;
			buildPhases = (
				9235AB461D6558C500D33EE1 /* Sources */,
				9235AB471D6558C500D33EE1 /* Frameworks */,
				9235AB481D6558C500D33EE1 /* Resources */,
			);
			buildRules = (
			);
			dependencies = (
				9235AB4C1D6558C500D33EE1 /* PBXTargetDependency */,
			);
			name = YCUIKitUITests;
			productName = YCUIKitUITests;
			productReference = 9235AB4A1D6558C500D33EE1 /* YCUIKitUITests.xctest */;
			productType = "com.apple.product-type.bundle.ui-testing";
		};
/* End PBXNativeTarget section */

/* Begin PBXProject section */
		9235AB231D6558C500D33EE1 /* Project object */ = {
			isa = PBXProject;
			attributes = {
				LastSwiftUpdateCheck = 0730;
				LastUpgradeCheck = 0730;
				ORGANIZATIONNAME = tm;
				TargetAttributes = {
					9235AB2A1D6558C500D33EE1 = {
						CreatedOnToolsVersion = 7.3.1;
					};
					9235AB3E1D6558C500D33EE1 = {
						CreatedOnToolsVersion = 7.3.1;
						TestTargetID = 9235AB2A1D6558C500D33EE1;
					};
					9235AB491D6558C500D33EE1 = {
						CreatedOnToolsVersion = 7.3.1;
						TestTargetID = 9235AB2A1D6558C500D33EE1;
					};
				};
			};
			buildConfigurationList = 9235AB261D6558C500D33EE1 /* Build configuration list for PBXProject "YCUIKit" */;
			compatibilityVersion = "Xcode 3.2";
			developmentRegion = English;
			hasScannedForEncodings = 0;
			knownRegions = (
				en,
				Base,
			);
			mainGroup = 9235AB221D6558C500D33EE1;
			productRefGroup = 9235AB2C1D6558C500D33EE1 /* Products */;
			projectDirPath = "";
			projectRoot = "";
			targets = (
				9235AB2A1D6558C500D33EE1 /* YCUIKit */,
				9235AB3E1D6558C500D33EE1 /* YCUIKitTests */,
				9235AB491D6558C500D33EE1 /* YCUIKitUITests */,
			);
		};
/* End PBXProject section */

/* Begin PBXResourcesBuildPhase section */
		9235AB291D6558C500D33EE1 /* Resources */ = {
			isa = PBXResourcesBuildPhase;
			buildActionMask = 2147483647;
			files = (
				9235AB391D6558C500D33EE1 /* LaunchScreen.storyboard in Resources */,
				9235AB361D6558C500D33EE1 /* Assets.xcassets in Resources */,
				9235AB341D6558C500D33EE1 /* Main.storyboard in Resources */,
			);
			runOnlyForDeploymentPostprocessing = 0;
		};
		9235AB3D1D6558C500D33EE1 /* Resources */ = {
			isa = PBXResourcesBuildPhase;
			buildActionMask = 2147483647;
			files = (
			);
			runOnlyForDeploymentPostprocessing = 0;
		};
		9235AB481D6558C500D33EE1 /* Resources */ = {
			isa = PBXResourcesBuildPhase;
			buildActionMask = 2147483647;
			files = (
			);
			runOnlyForDeploymentPostprocessing = 0;
		};
/* End PBXResourcesBuildPhase section */

/* Begin PBXSourcesBuildPhase section */
		9235AB271D6558C500D33EE1 /* Sources */ = {
			isa = PBXSourcesBuildPhase;
			buildActionMask = 2147483647;
			files = (
				9235AB5E1D65597800D33EE1 /* YCButton.swift in Sources */,
				92E39F851D65A1F9007C5369 /* XCScreen.swift in Sources */,
				9235AB311D6558C500D33EE1 /* ViewController.swift in Sources */,
				92DBD43C1D66A30700E36291 /* XCView-UIViewEx.swift in Sources */,
				92E39F831D659EF0007C5369 /* XCScrollView.swift in Sources */,
				9235AB2F1D6558C500D33EE1 /* AppDelegate.swift in Sources */,
			);
			runOnlyForDeploymentPostprocessing = 0;
		};
		9235AB3B1D6558C500D33EE1 /* Sources */ = {
			isa = PBXSourcesBuildPhase;
			buildActionMask = 2147483647;
			files = (
				9235AB441D6558C500D33EE1 /* YCUIKitTests.swift in Sources */,
			);
			runOnlyForDeploymentPostprocessing = 0;
		};
		9235AB461D6558C500D33EE1 /* Sources */ = {
			isa = PBXSourcesBuildPhase;
			buildActionMask = 2147483647;
			files = (
				9235AB4F1D6558C500D33EE1 /* YCUIKitUITests.swift in Sources */,
			);
			runOnlyForDeploymentPostprocessing = 0;
		};
/* End PBXSourcesBuildPhase section */

/* Begin PBXTargetDependency section */
		9235AB411D6558C500D33EE1 /* PBXTargetDependency */ = {
			isa = PBXTargetDependency;
			target = 9235AB2A1D6558C500D33EE1 /* YCUIKit */;
			targetProxy = 9235AB401D6558C500D33EE1 /* PBXContainerItemProxy */;
		};
		9235AB4C1D6558C500D33EE1 /* PBXTargetDependency */ = {
			isa = PBXTargetDependency;
			target = 9235AB2A1D6558C500D33EE1 /* YCUIKit */;
			targetProxy = 9235AB4B1D6558C500D33EE1 /* PBXContainerItemProxy */;
		};
/* End PBXTargetDependency section */

/* Begin PBXVariantGroup section */
		9235AB321D6558C500D33EE1 /* Main.storyboard */ = {
			isa = PBXVariantGroup;
			children = (
				9235AB331D6558C500D33EE1 /* Base */,
			);
			name = Main.storyboard;
			sourceTree = "<group>";
		};
		9235AB371D6558C500D33EE1 /* LaunchScreen.storyboard */ = {
			isa = PBXVariantGroup;
			children = (
				9235AB381D6558C500D33EE1 /* Base */,
			);
			name = LaunchScreen.storyboard;
			sourceTree = "<group>";
		};
/* End PBXVariantGroup section */

/* Begin XCBuildConfiguration section */
		9235AB511D6558C500D33EE1 /* Debug */ = {
			isa = XCBuildConfiguration;
			buildSettings = {
				ALWAYS_SEARCH_USER_PATHS = NO;
				CLANG_ANALYZER_NONNULL = YES;
				CLANG_CXX_LANGUAGE_STANDARD = "gnu++0x";
				CLANG_CXX_LIBRARY = "libc++";
				CLANG_ENABLE_MODULES = YES;
				CLANG_ENABLE_OBJC_ARC = YES;
				CLANG_WARN_BOOL_CONVERSION = YES;
				CLANG_WARN_CONSTANT_CONVERSION = YES;
				CLANG_WARN_DIRECT_OBJC_ISA_USAGE = YES_ERROR;
				CLANG_WARN_EMPTY_BODY = YES;
				CLANG_WARN_ENUM_CONVERSION = YES;
				CLANG_WARN_INT_CONVERSION = YES;
				CLANG_WARN_OBJC_ROOT_CLASS = YES_ERROR;
				CLANG_WARN_UNREACHABLE_CODE = YES;
				CLANG_WARN__DUPLICATE_METHOD_MATCH = YES;
				"CODE_SIGN_IDENTITY[sdk=iphoneos*]" = "iPhone Developer";
				COPY_PHASE_STRIP = NO;
				DEBUG_INFORMATION_FORMAT = dwarf;
				ENABLE_STRICT_OBJC_MSGSEND = YES;
				ENABLE_TESTABILITY = YES;
				GCC_C_LANGUAGE_STANDARD = gnu99;
				GCC_DYNAMIC_NO_PIC = NO;
				GCC_NO_COMMON_BLOCKS = YES;
				GCC_OPTIMIZATION_LEVEL = 0;
				GCC_PREPROCESSOR_DEFINITIONS = (
					"DEBUG=1",
					"$(inherited)",
				);
				GCC_WARN_64_TO_32_BIT_CONVERSION = YES;
				GCC_WARN_ABOUT_RETURN_TYPE = YES_ERROR;
				GCC_WARN_UNDECLARED_SELECTOR = YES;
				GCC_WARN_UNINITIALIZED_AUTOS = YES_AGGRESSIVE;
				GCC_WARN_UNUSED_FUNCTION = YES;
				GCC_WARN_UNUSED_VARIABLE = YES;
				IPHONEOS_DEPLOYMENT_TARGET = 9.3;
				MTL_ENABLE_DEBUG_INFO = YES;
				ONLY_ACTIVE_ARCH = YES;
				SDKROOT = iphoneos;
				SWIFT_OPTIMIZATION_LEVEL = "-Onone";
			};
			name = Debug;
		};
		9235AB521D6558C500D33EE1 /* Release */ = {
			isa = XCBuildConfiguration;
			buildSettings = {
				ALWAYS_SEARCH_USER_PATHS = NO;
				CLANG_ANALYZER_NONNULL = YES;
				CLANG_CXX_LANGUAGE_STANDARD = "gnu++0x";
				CLANG_CXX_LIBRARY = "libc++";
				CLANG_ENABLE_MODULES = YES;
				CLANG_ENABLE_OBJC_ARC = YES;
				CLANG_WARN_BOOL_CONVERSION = YES;
				CLANG_WARN_CONSTANT_CONVERSION = YES;
				CLANG_WARN_DIRECT_OBJC_ISA_USAGE = YES_ERROR;
				CLANG_WARN_EMPTY_BODY = YES;
				CLANG_WARN_ENUM_CONVERSION = YES;
				CLANG_WARN_INT_CONVERSION = YES;
				CLANG_WARN_OBJC_ROOT_CLASS = YES_ERROR;
				CLANG_WARN_UNREACHABLE_CODE = YES;
				CLANG_WARN__DUPLICATE_METHOD_MATCH = YES;
				"CODE_SIGN_IDENTITY[sdk=iphoneos*]" = "iPhone Developer";
				COPY_PHASE_STRIP = NO;
				DEBUG_INFORMATION_FORMAT = "dwarf-with-dsym";
				ENABLE_NS_ASSERTIONS = NO;
				ENABLE_STRICT_OBJC_MSGSEND = YES;
				GCC_C_LANGUAGE_STANDARD = gnu99;
				GCC_NO_COMMON_BLOCKS = YES;
				GCC_WARN_64_TO_32_BIT_CONVERSION = YES;
				GCC_WARN_ABOUT_RETURN_TYPE = YES_ERROR;
				GCC_WARN_UNDECLARED_SELECTOR = YES;
				GCC_WARN_UNINITIALIZED_AUTOS = YES_AGGRESSIVE;
				GCC_WARN_UNUSED_FUNCTION = YES;
				GCC_WARN_UNUSED_VARIABLE = YES;
				IPHONEOS_DEPLOYMENT_TARGET = 9.3;
				MTL_ENABLE_DEBUG_INFO = NO;
				SDKROOT = iphoneos;
				VALIDATE_PRODUCT = YES;
			};
			name = Release;
		};
		9235AB541D6558C500D33EE1 /* Debug */ = {
			isa = XCBuildConfiguration;
			buildSettings = {
				ASSETCATALOG_COMPILER_APPICON_NAME = AppIcon;
				INFOPLIST_FILE = YCUIKit/Info.plist;
				LD_RUNPATH_SEARCH_PATHS = "$(inherited) @executable_path/Frameworks";
				PRODUCT_BUNDLE_IDENTIFIER = com.touchmedia.YCUIKit;
				PRODUCT_NAME = "$(TARGET_NAME)";
			};
			name = Debug;
		};
		9235AB551D6558C500D33EE1 /* Release */ = {
			isa = XCBuildConfiguration;
			buildSettings = {
				ASSETCATALOG_COMPILER_APPICON_NAME = AppIcon;
				INFOPLIST_FILE = YCUIKit/Info.plist;
				LD_RUNPATH_SEARCH_PATHS = "$(inherited) @executable_path/Frameworks";
				PRODUCT_BUNDLE_IDENTIFIER = com.touchmedia.YCUIKit;
				PRODUCT_NAME = "$(TARGET_NAME)";
			};
			name = Release;
		};
		9235AB571D6558C500D33EE1 /* Debug */ = {
			isa = XCBuildConfiguration;
			buildSettings = {
				BUNDLE_LOADER = "$(TEST_HOST)";
				INFOPLIST_FILE = YCUIKitTests/Info.plist;
				LD_RUNPATH_SEARCH_PATHS = "$(inherited) @executable_path/Frameworks @loader_path/Frameworks";
				PRODUCT_BUNDLE_IDENTIFIER = com.touchmedia.YCUIKitTests;
				PRODUCT_NAME = "$(TARGET_NAME)";
				TEST_HOST = "$(BUILT_PRODUCTS_DIR)/YCUIKit.app/YCUIKit";
			};
			name = Debug;
		};
		9235AB581D6558C500D33EE1 /* Release */ = {
			isa = XCBuildConfiguration;
			buildSettings = {
				BUNDLE_LOADER = "$(TEST_HOST)";
				INFOPLIST_FILE = YCUIKitTests/Info.plist;
				LD_RUNPATH_SEARCH_PATHS = "$(inherited) @executable_path/Frameworks @loader_path/Frameworks";
				PRODUCT_BUNDLE_IDENTIFIER = com.touchmedia.YCUIKitTests;
				PRODUCT_NAME = "$(TARGET_NAME)";
				TEST_HOST = "$(BUILT_PRODUCTS_DIR)/YCUIKit.app/YCUIKit";
			};
			name = Release;
		};
		9235AB5A1D6558C500D33EE1 /* Debug */ = {
			isa = XCBuildConfiguration;
			buildSettings = {
				INFOPLIST_FILE = YCUIKitUITests/Info.plist;
				LD_RUNPATH_SEARCH_PATHS = "$(inherited) @executable_path/Frameworks @loader_path/Frameworks";
				PRODUCT_BUNDLE_IDENTIFIER = com.touchmedia.YCUIKitUITests;
				PRODUCT_NAME = "$(TARGET_NAME)";
				TEST_TARGET_NAME = YCUIKit;
			};
			name = Debug;
		};
		9235AB5B1D6558C500D33EE1 /* Release */ = {
			isa = XCBuildConfiguration;
			buildSettings = {
				INFOPLIST_FILE = YCUIKitUITests/Info.plist;
				LD_RUNPATH_SEARCH_PATHS = "$(inherited) @executable_path/Frameworks @loader_path/Frameworks";
				PRODUCT_BUNDLE_IDENTIFIER = com.touchmedia.YCUIKitUITests;
				PRODUCT_NAME = "$(TARGET_NAME)";
				TEST_TARGET_NAME = YCUIKit;
			};
			name = Release;
		};
/* End XCBuildConfiguration section */

/* Begin XCConfigurationList section */
		9235AB261D6558C500D33EE1 /* Build configuration list for PBXProject "YCUIKit" */ = {
			isa = XCConfigurationList;
			buildConfigurations = (
				9235AB511D6558C500D33EE1 /* Debug */,
				9235AB521D6558C500D33EE1 /* Release */,
			);
			defaultConfigurationIsVisible = 0;
			defaultConfigurationName = Release;
		};
		9235AB531D6558C500D33EE1 /* Build configuration list for PBXNativeTarget "YCUIKit" */ = {
			isa = XCConfigurationList;
			buildConfigurations = (
				9235AB541D6558C500D33EE1 /* Debug */,
				9235AB551D6558C500D33EE1 /* Release */,
			);
			defaultConfigurationIsVisible = 0;
			defaultConfigurationName = Release;
		};
		9235AB561D6558C500D33EE1 /* Build configuration list for PBXNativeTarget "YCUIKitTests" */ = {
			isa = XCConfigurationList;
			buildConfigurations = (
				9235AB571D6558C500D33EE1 /* Debug */,
				9235AB581D6558C500D33EE1 /* Release */,
			);
			defaultConfigurationIsVisible = 0;
			defaultConfigurationName = Release;
		};
		9235AB591D6558C500D33EE1 /* Build configuration list for PBXNativeTarget "YCUIKitUITests" */ = {
			isa = XCConfigurationList;
			buildConfigurations = (
				9235AB5A1D6558C500D33EE1 /* Debug */,
				9235AB5B1D6558C500D33EE1 /* Release */,
			);
			defaultConfigurationIsVisible = 0;
			defaultConfigurationName = Release;
		};
/* End XCConfigurationList section */
	};
	rootObject = 9235AB231D6558C500D33EE1 /* Project object */;
}
